
Microsoft Visual Studio Solution File, Format Version 11.00
# Visual Studio 2010
Project("{FAE04EC0-301F-11D3-BF4B-00C04F79EFBC}") = "Assembly-CSharp", "Assembly-CSharp.csproj", "{1F90B455-5959-6E85-12FD-06A75363DD75}"
EndProject
Project("{FAE04EC0-301F-11D3-BF4B-00C04F79EFBC}") = "Assembly-CSharp-Editor", "Assembly-CSharp-Editor.csproj", "{7926B1BC-9DF1-AB59-A2F4-90D14478280B}"
EndProject
Global
	GlobalSection(SolutionConfigurationPlatforms) = preSolution
		Debug|Any CPU = Debug|Any CPU
		Release|Any CPU = Release|Any CPU
	EndGlobalSection
	GlobalSection(ProjectConfigurationPlatforms) = postSolution
		{1F90B455-5959-6E85-12FD-06A75363DD75}.Debug|Any CPU.ActiveCfg = Debug|Any CPU
		{1F90B455-5959-6E85-12FD-06A75363DD75}.Debug|Any CPU.Build.0 = Debug|Any CPU
		{1F90B455-5959-6E85-12FD-06A75363DD75}.Release|Any CPU.ActiveCfg = Release|Any CPU
		{1F90B455-5959-6E85-12FD-06A75363DD75}.Release|Any CPU.Build.0 = Release|Any CPU
		{7926B1BC-9DF1-AB59-A2F4-90D14478280B}.Debug|Any CPU.ActiveCfg = Debug|Any CPU
		{7926B1BC-9DF1-AB59-A2F4-90D14478280B}.Debug|Any CPU.Build.0 = Debug|Any CPU
		{7926B1BC-9DF1-AB59-A2F4-90D14478280B}.Release|Any CPU.ActiveCfg = Release|Any CPU
		{7926B1BC-9DF1-AB59-A2F4-90D14478280B}.Release|Any CPU.Build.0 = Release|Any CPU
	EndGlobalSection
	GlobalSection(SolutionProperties) = preSolution
		HideSolutionNode = FALSE
	EndGlobalSection
EndGlobal
